{
    "_readme": [
        "This file locks the dependencies of your project to a known state",
        "Read more about it at https://getcomposer.org/doc/01-basic-usage.md#installing-dependencies",
        "This file is @generated automatically"
    ],
    "content-hash": "51448ffaa0f16b7ab2725ddee70a1468",
    "packages": [
        {
            "name": "cebe/markdown",
            "version": "1.2.1",
            "source": {
                "type": "git",
                "url": "https://github.com/cebe/markdown.git",
                "reference": "9bac5e971dd391e2802dca5400bbeacbaea9eb86"
            },
            "dist": {
                "type": "zip",
                "url": "https://api.github.com/repos/cebe/markdown/zipball/9bac5e971dd391e2802dca5400bbeacbaea9eb86",
                "reference": "9bac5e971dd391e2802dca5400bbeacbaea9eb86",
                "shasum": ""
            },
            "require": {
                "lib-pcre": "*",
                "php": ">=5.4.0"
            },
            "require-dev": {
                "cebe/indent": "*",
                "facebook/xhprof": "*@dev",
                "phpunit/phpunit": "4.1.*"
            },
            "bin": [
                "bin/markdown"
            ],
            "type": "library",
            "extra": {
                "branch-alias": {
                    "dev-master": "1.2.x-dev"
                }
            },
            "autoload": {
                "psr-4": {
                    "cebe\\markdown\\": ""
                }
            },
            "notification-url": "https://packagist.org/downloads/",
            "license": [
                "MIT"
            ],
            "authors": [
                {
                    "name": "Carsten Brandt",
                    "email": "mail@cebe.cc",
                    "homepage": "http://cebe.cc/",
                    "role": "Creator"
                }
            ],
            "description": "A super fast, highly extensible markdown parser for PHP",
            "homepage": "https://github.com/cebe/markdown#readme",
            "keywords": [
                "extensible",
                "fast",
                "gfm",
                "markdown",
                "markdown-extra"
            ],
            "support": {
                "issues": "https://github.com/cebe/markdown/issues",
                "source": "https://github.com/cebe/markdown"
            },
            "time": "2018-03-26T11:24:36+00:00"
        },
        {
            "name": "defuse/php-encryption",
            "version": "v2.3.1",
            "source": {
                "type": "git",
                "url": "https://github.com/defuse/php-encryption.git",
                "reference": "77880488b9954b7884c25555c2a0ea9e7053f9d2"
            },
            "dist": {
                "type": "zip",
                "url": "https://api.github.com/repos/defuse/php-encryption/zipball/77880488b9954b7884c25555c2a0ea9e7053f9d2",
                "reference": "77880488b9954b7884c25555c2a0ea9e7053f9d2",
                "shasum": ""
            },
            "require": {
                "ext-openssl": "*",
                "paragonie/random_compat": ">= 2",
                "php": ">=5.6.0"
            },
            "require-dev": {
                "phpunit/phpunit": "^4|^5|^6|^7|^8|^9"
            },
            "bin": [
                "bin/generate-defuse-key"
            ],
            "type": "library",
            "autoload": {
                "psr-4": {
                    "Defuse\\Crypto\\": "src"
                }
            },
            "notification-url": "https://packagist.org/downloads/",
            "license": [
                "MIT"
            ],
            "authors": [
                {
                    "name": "Taylor Hornby",
                    "email": "taylor@defuse.ca",
                    "homepage": "https://defuse.ca/"
                },
                {
                    "name": "Scott Arciszewski",
                    "email": "info@paragonie.com",
                    "homepage": "https://paragonie.com"
                }
            ],
            "description": "Secure PHP Encryption Library",
            "keywords": [
                "aes",
                "authenticated encryption",
                "cipher",
                "crypto",
                "cryptography",
                "encrypt",
                "encryption",
                "openssl",
                "security",
                "symmetric key cryptography"
            ],
            "support": {
                "issues": "https://github.com/defuse/php-encryption/issues",
                "source": "https://github.com/defuse/php-encryption/tree/v2.3.1"
            },
            "time": "2021-04-09T23:57:26+00:00"
        },
        {
            "name": "northys/css-inliner",
            "version": "v1.0-beta",
            "source": {
                "type": "git",
                "url": "https://github.com/Northys/CSS-Inliner.git",
                "reference": "8f92e783f84aa0db487ad7d9d807d6f6ef721ead"
            },
            "dist": {
                "type": "zip",
                "url": "https://api.github.com/repos/Northys/CSS-Inliner/zipball/8f92e783f84aa0db487ad7d9d807d6f6ef721ead",
                "reference": "8f92e783f84aa0db487ad7d9d807d6f6ef721ead",
                "shasum": ""
            },
            "require": {
                "sabberworm/php-css-parser": "7.0.*",
                "symfony/css-selector": "~2.7"
            },
            "require-dev": {
                "phpunit/phpunit": "4.*"
            },
            "type": "library",
            "extra": {
                "branch-alias": {
                    "dev-master": "1.0.x-dev"
                }
            },
            "autoload": {
                "psr-4": {
                    "Northys\\CSSInliner\\": "src/"
                },
                "classmap": [
                    "src/"
                ]
            },
            "notification-url": "https://packagist.org/downloads/",
            "license": [
                "LGPL"
            ],
            "authors": [
                {
                    "name": "Jiri Travnicek",
                    "email": "jiri.travnicek@outlook.com",
                    "role": "Developer"
                }
            ],
            "description": "PHP Library that converts css file into html inline styles.",
            "support": {
                "issues": "https://github.com/Northys/CSS-Inliner/issues",
                "source": "https://github.com/Northys/CSS-Inliner/tree/master"
            },
            "time": "2015-09-29T00:10:16+00:00"
        },
        {
            "name": "paragonie/random_compat",
            "version": "v9.99.100",
            "source": {
                "type": "git",
                "url": "https://github.com/paragonie/random_compat.git",
                "reference": "996434e5492cb4c3edcb9168db6fbb1359ef965a"
            },
            "dist": {
                "type": "zip",
                "url": "https://api.github.com/repos/paragonie/random_compat/zipball/996434e5492cb4c3edcb9168db6fbb1359ef965a",
                "reference": "996434e5492cb4c3edcb9168db6fbb1359ef965a",
                "shasum": ""
            },
            "require": {
                "php": ">= 7"
            },
            "require-dev": {
                "phpunit/phpunit": "4.*|5.*",
                "vimeo/psalm": "^1"
            },
            "suggest": {
                "ext-libsodium": "Provides a modern crypto API that can be used to generate random bytes."
            },
            "type": "library",
            "notification-url": "https://packagist.org/downloads/",
            "license": [
                "MIT"
            ],
            "authors": [
                {
                    "name": "Paragon Initiative Enterprises",
                    "email": "security@paragonie.com",
                    "homepage": "https://paragonie.com"
                }
            ],
            "description": "PHP 5.x polyfill for random_bytes() and random_int() from PHP 7",
            "keywords": [
                "csprng",
                "polyfill",
                "pseudorandom",
                "random"
            ],
            "support": {
                "email": "info@paragonie.com",
                "issues": "https://github.com/paragonie/random_compat/issues",
                "source": "https://github.com/paragonie/random_compat"
            },
            "time": "2020-10-15T08:29:30+00:00"
        },
        {
            "name": "sabberworm/php-css-parser",
            "version": "7.0.4",
            "source": {
                "type": "git",
                "url": "https://github.com/sabberworm/PHP-CSS-Parser.git",
                "reference": "7f81cfd7c81a6f6f5ec46571b587a206141a58bb"
            },
            "dist": {
                "type": "zip",
                "url": "https://api.github.com/repos/sabberworm/PHP-CSS-Parser/zipball/7f81cfd7c81a6f6f5ec46571b587a206141a58bb",
                "reference": "7f81cfd7c81a6f6f5ec46571b587a206141a58bb",
                "shasum": ""
            },
            "require": {
                "php": ">=5.3.2"
            },
            "type": "library",
            "autoload": {
                "psr-0": {
                    "Sabberworm\\CSS": "lib/"
                }
            },
            "notification-url": "https://packagist.org/downloads/",
            "license": [
                "MIT"
            ],
            "authors": [
                {
                    "name": "Raphael Schweikert"
                }
            ],
            "description": "Parser for CSS Files written in PHP",
            "homepage": "http://www.sabberworm.com/blog/2010/6/10/php-css-parser",
            "keywords": [
                "css",
                "parser",
                "stylesheet"
            ],
            "support": {
                "issues": "https://github.com/sabberworm/PHP-CSS-Parser/issues",
                "source": "https://github.com/sabberworm/PHP-CSS-Parser/tree/7.0.4"
            },
            "time": "2020-06-01T09:08:05+00:00"
        },
        {
            "name": "scrivo/highlight.php",
            "version": "v9.18.1.9",
            "source": {
                "type": "git",
                "url": "https://github.com/scrivo/highlight.php.git",
                "reference": "d45585504777e6194a91dffc7270ca39833787f8"
            },
            "dist": {
                "type": "zip",
                "url": "https://api.github.com/repos/scrivo/highlight.php/zipball/d45585504777e6194a91dffc7270ca39833787f8",
                "reference": "d45585504777e6194a91dffc7270ca39833787f8",
                "shasum": ""
            },
            "require": {
                "ext-json": "*",
                "php": ">=5.4"
            },
            "require-dev": {
                "phpunit/phpunit": "^4.8|^5.7",
                "sabberworm/php-css-parser": "^8.3",
                "symfony/finder": "^2.8|^3.4",
                "symfony/var-dumper": "^2.8|^3.4"
            },
            "suggest": {
                "ext-mbstring": "Allows highlighting code with unicode characters and supports language with unicode keywords"
            },
            "type": "library",
            "autoload": {
                "files": [
                    "HighlightUtilities/functions.php"
                ],
                "psr-0": {
                    "Highlight\\": "",
                    "HighlightUtilities\\": ""
                }
            },
            "notification-url": "https://packagist.org/downloads/",
            "license": [
                "BSD-3-Clause"
            ],
            "authors": [
                {
                    "name": "Geert Bergman",
                    "homepage": "http://www.scrivo.org/",
                    "role": "Project Author"
                },
                {
                    "name": "Vladimir Jimenez",
                    "homepage": "https://allejo.io",
                    "role": "Maintainer"
                },
                {
                    "name": "Martin Folkers",
                    "homepage": "https://twobrain.io",
                    "role": "Contributor"
                }
            ],
            "description": "Server side syntax highlighter that supports 185 languages. It's a PHP port of highlight.js",
            "keywords": [
                "code",
                "highlight",
                "highlight.js",
                "highlight.php",
                "syntax"
            ],
            "support": {
                "issues": "https://github.com/scrivo/highlight.php/issues",
                "source": "https://github.com/scrivo/highlight.php"
            },
            "funding": [
                {
                    "url": "https://github.com/allejo",
                    "type": "github"
                }
            ],
            "time": "2021-12-03T06:45:28+00:00"
        },
        {
            "name": "snipworks/php-smtp",
            "version": "v2.0.4",
            "source": {
                "type": "git",
                "url": "https://github.com/snipworks/php-smtp.git",
                "reference": "06129fa0632b5be3ddbc91392e48352faaf31140"
            },
            "dist": {
                "type": "zip",
                "url": "https://api.github.com/repos/snipworks/php-smtp/zipball/06129fa0632b5be3ddbc91392e48352faaf31140",
                "reference": "06129fa0632b5be3ddbc91392e48352faaf31140",
                "shasum": ""
            },
            "require": {
                "ext-fileinfo": "*",
                "ext-openssl": "*",
                "php": ">=5.3"
            },
            "type": "library",
            "autoload": {
                "psr-4": {
                    "Snipworks\\Smtp\\": "src/"
                }
            },
            "notification-url": "https://packagist.org/downloads/",
            "license": [
                "MIT"
            ],
            "description": "Simple PHP SMTP Mail Send Script",
            "support": {
                "issues": "https://github.com/snipworks/php-smtp/issues",
                "source": "https://github.com/snipworks/php-smtp/tree/master"
            },
            "time": "2020-09-06T10:10:40+00:00"
        },
        {
            "name": "symfony/css-selector",
            "version": "v2.8.52",
            "source": {
                "type": "git",
                "url": "https://github.com/symfony/css-selector.git",
                "reference": "7b1692e418d7ccac24c373528453bc90e42797de"
            },
            "dist": {
                "type": "zip",
                "url": "https://api.github.com/repos/symfony/css-selector/zipball/7b1692e418d7ccac24c373528453bc90e42797de",
                "reference": "7b1692e418d7ccac24c373528453bc90e42797de",
                "shasum": ""
            },
            "require": {
                "php": ">=5.3.9"
            },
            "type": "library",
            "extra": {
                "branch-alias": {
                    "dev-master": "2.8-dev"
                }
            },
            "autoload": {
                "psr-4": {
                    "Symfony\\Component\\CssSelector\\": ""
                },
                "exclude-from-classmap": [
                    "/Tests/"
                ]
            },
            "notification-url": "https://packagist.org/downloads/",
            "license": [
                "MIT"
            ],
            "authors": [
                {
                    "name": "Fabien Potencier",
                    "email": "fabien@symfony.com"
                },
                {
                    "name": "Jean-François Simon",
                    "email": "jeanfrancois.simon@sensiolabs.com"
                },
                {
                    "name": "Symfony Community",
                    "homepage": "https://symfony.com/contributors"
                }
            ],
            "description": "Symfony CssSelector Component",
            "homepage": "https://symfony.com",
            "support": {
                "source": "https://github.com/symfony/css-selector/tree/v2.8.52"
            },
            "time": "2018-11-11T11:18:13+00:00"
        }
    ],
    "packages-dev": [],
    "aliases": [],
    "minimum-stability": "stable",
    "stability-flags": {
        "northys/css-inliner": 10
    },
    "prefer-stable": false,
    "prefer-lowest": false,
    "platform": [],
    "platform-dev": [],
    "plugin-api-version": "2.3.0"
}
